
Microsoft Visual Studio Solution File, Format Version 12.00
# Visual Studio Version 17
VisualStudioVersion = 17.5.33627.172
MinimumVisualStudioVersion = 10.0.40219.1
Project("{9A19103F-16F7-4668-BE54-9A1E7A4F7556}") = "MailFrameworkMod", "MailFrameworkMod\MailFrameworkMod.csproj", "{9AB101DD-FB56-4441-8180-783405D2D2F0}"
EndProject
Project("{9A19103F-16F7-4668-BE54-9A1E7A4F7556}") = "MailServicesMod", "MailServicesMod\MailServicesMod.csproj", "{E5E82134-CB84-4E97-AA3F-E067B0C697B2}"
EndProject
Global
	GlobalSection(SolutionConfigurationPlatforms) = preSolution
		Debug|Any CPU = Debug|Any CPU
		Debug|x86 = Debug|x86
		Release|Any CPU = Release|Any CPU
		Release|x86 = Release|x86
	EndGlobalSection
	GlobalSection(ProjectConfigurationPlatforms) = postSolution
		{9AB101DD-FB56-4441-8180-783405D2D2F0}.Debug|Any CPU.ActiveCfg = Debug|Any CPU
		{9AB101DD-FB56-4441-8180-783405D2D2F0}.Debug|Any CPU.Build.0 = Debug|Any CPU
		{9AB101DD-FB56-4441-8180-783405D2D2F0}.Debug|x86.ActiveCfg = Debug|Any CPU
		{9AB101DD-FB56-4441-8180-783405D2D2F0}.Debug|x86.Build.0 = Debug|Any CPU
		{9AB101DD-FB56-4441-8180-783405D2D2F0}.Release|Any CPU.ActiveCfg = Release|Any CPU
		{9AB101DD-FB56-4441-8180-783405D2D2F0}.Release|Any CPU.Build.0 = Release|Any CPU
		{9AB101DD-FB56-4441-8180-783405D2D2F0}.Release|x86.ActiveCfg = Release|Any CPU
		{9AB101DD-FB56-4441-8180-783405D2D2F0}.Release|x86.Build.0 = Release|Any CPU
		{E5E82134-CB84-4E97-AA3F-E067B0C697B2}.Debug|Any CPU.ActiveCfg = Debug|Any CPU
		{E5E82134-CB84-4E97-AA3F-E067B0C697B2}.Debug|Any CPU.Build.0 = Debug|Any CPU
		{E5E82134-CB84-4E97-AA3F-E067B0C697B2}.Debug|x86.ActiveCfg = Debug|x86
		{E5E82134-CB84-4E97-AA3F-E067B0C697B2}.Debug|x86.Build.0 = Debug|x86
		{E5E82134-CB84-4E97-AA3F-E067B0C697B2}.Release|Any CPU.ActiveCfg = Release|x86
		{E5E82134-CB84-4E97-AA3F-E067B0C697B2}.Release|x86.ActiveCfg = Release|x86
		{E5E82134-CB84-4E97-AA3F-E067B0C697B2}.Release|x86.Build.0 = Release|x86
	EndGlobalSection
	GlobalSection(SolutionProperties) = preSolution
		HideSolutionNode = FALSE
	EndGlobalSection
	GlobalSection(ExtensibilityGlobals) = postSolution
		SolutionGuid = {A19DE11F-EB42-4341-8B3D-46D4AC89D34D}
	EndGlobalSection
EndGlobal
